
Microsoft Visual Studio Solution File, Format Version 12.00
# Visual Studio Version 17
VisualStudioVersion = 17.8.34525.116
MinimumVisualStudioVersion = 10.0.40219.1
Project("{FAE04EC0-301F-11D3-BF4B-00C04F79EFBC}") = "строки", "строки\строки.csproj", "{29DD6413-6239-4D61-A073-7D31B6394FA0}"
EndProject
Global
	GlobalSection(SolutionConfigurationPlatforms) = preSolution
		Debug|Any CPU = Debug|Any CPU
		Release|Any CPU = Release|Any CPU
	EndGlobalSection
	GlobalSection(ProjectConfigurationPlatforms) = postSolution
		{29DD6413-6239-4D61-A073-7D31B6394FA0}.Debug|Any CPU.ActiveCfg = Debug|Any CPU
		{29DD6413-6239-4D61-A073-7D31B6394FA0}.Debug|Any CPU.Build.0 = Debug|Any CPU
		{29DD6413-6239-4D61-A073-7D31B6394FA0}.Release|Any CPU.ActiveCfg = Release|Any CPU
		{29DD6413-6239-4D61-A073-7D31B6394FA0}.Release|Any CPU.Build.0 = Release|Any CPU
	EndGlobalSection
	GlobalSection(SolutionProperties) = preSolution
		HideSolutionNode = FALSE
	EndGlobalSection
	GlobalSection(ExtensibilityGlobals) = postSolution
		SolutionGuid = {2122F626-55B7-4FB5-ACCB-C3EC2AA41F76}
	EndGlobalSection
EndGlobal
